
Microsoft Visual Studio Solution File, Format Version 12.00
# Visual Studio Version 17
VisualStudioVersion = 17.14.36616.10
MinimumVisualStudioVersion = 10.0.40219.1
Project("{FAE04EC0-301F-11D3-BF4B-00C04F79EFBC}") = "Cyber-Cord.App", "Cyber-Cord.App\Cyber-Cord.App.csproj", "{98007910-766F-4A7C-B4D1-3C60DDF1CF30}"
EndProject
Project("{FAE04EC0-301F-11D3-BF4B-00C04F79EFBC}") = "Cyber-Cord.Api", "Cyber-Cord.Api\Cyber-Cord.Api.csproj", "{D4079A6F-6D55-4859-9276-013E45704A9F}"
EndProject
Project("{FAE04EC0-301F-11D3-BF4B-00C04F79EFBC}") = "Shared", "Shared\Shared.csproj", "{A6EA4644-23B2-45D9-93E6-071195C7C2F9}"
EndProject
Project("{FAE04EC0-301F-11D3-BF4B-00C04F79EFBC}") = "Cyber-Cord.Api.Tests", "Cyber-Cord.Api.Tests\Cyber-Cord.Api.Tests.csproj", "{6E97F675-700D-4E81-8CE0-514A9D537BF5}"
EndProject
Project("{2150E333-8FDC-42A3-9474-1A3956D46DE8}") = "Solution Items", "Solution Items", "{58453D5B-7E76-404E-872B-B6B66B1A5E99}"
	ProjectSection(SolutionItems) = preProject
		compose.yaml = compose.yaml
	EndProjectSection
EndProject
Global
	GlobalSection(SolutionConfigurationPlatforms) = preSolution
		Debug|Any CPU = Debug|Any CPU
		Release|Any CPU = Release|Any CPU
	EndGlobalSection
	GlobalSection(ProjectConfigurationPlatforms) = postSolution
		{98007910-766F-4A7C-B4D1-3C60DDF1CF30}.Debug|Any CPU.ActiveCfg = Debug|Any CPU
		{98007910-766F-4A7C-B4D1-3C60DDF1CF30}.Debug|Any CPU.Build.0 = Debug|Any CPU
		{98007910-766F-4A7C-B4D1-3C60DDF1CF30}.Release|Any CPU.ActiveCfg = Release|Any CPU
		{98007910-766F-4A7C-B4D1-3C60DDF1CF30}.Release|Any CPU.Build.0 = Release|Any CPU
		{D4079A6F-6D55-4859-9276-013E45704A9F}.Debug|Any CPU.ActiveCfg = Debug|Any CPU
		{D4079A6F-6D55-4859-9276-013E45704A9F}.Debug|Any CPU.Build.0 = Debug|Any CPU
		{D4079A6F-6D55-4859-9276-013E45704A9F}.Release|Any CPU.ActiveCfg = Release|Any CPU
		{D4079A6F-6D55-4859-9276-013E45704A9F}.Release|Any CPU.Build.0 = Release|Any CPU
		{A6EA4644-23B2-45D9-93E6-071195C7C2F9}.Debug|Any CPU.ActiveCfg = Debug|Any CPU
		{A6EA4644-23B2-45D9-93E6-071195C7C2F9}.Debug|Any CPU.Build.0 = Debug|Any CPU
		{A6EA4644-23B2-45D9-93E6-071195C7C2F9}.Release|Any CPU.ActiveCfg = Release|Any CPU
		{A6EA4644-23B2-45D9-93E6-071195C7C2F9}.Release|Any CPU.Build.0 = Release|Any CPU
		{6E97F675-700D-4E81-8CE0-514A9D537BF5}.Debug|Any CPU.ActiveCfg = Debug|Any CPU
		{6E97F675-700D-4E81-8CE0-514A9D537BF5}.Debug|Any CPU.Build.0 = Debug|Any CPU
		{6E97F675-700D-4E81-8CE0-514A9D537BF5}.Release|Any CPU.ActiveCfg = Release|Any CPU
		{6E97F675-700D-4E81-8CE0-514A9D537BF5}.Release|Any CPU.Build.0 = Release|Any CPU
	EndGlobalSection
	GlobalSection(SolutionProperties) = preSolution
		HideSolutionNode = FALSE
	EndGlobalSection
	GlobalSection(ExtensibilityGlobals) = postSolution
		SolutionGuid = {E270C4B6-4D48-4057-9C99-845950C2F586}
	EndGlobalSection
EndGlobal
